// !$*UTF8*$!
{
	archiveVersion = 1;
	classes = {
	};
	objectVersion = 46;
	objects = {

/* Begin PBXBuildFile section */
		D82796761C8B0BD900D08789 /* AppDelegate.swift in Sources */ = {isa = PBXBuildFile; fileRef = D82796751C8B0BD900D08789 /* AppDelegate.swift */; };
		D82796881C8B0BD900D08789 /* SVSCTests.swift in Sources */ = {isa = PBXBuildFile; fileRef = D82796871C8B0BD900D08789 /* SVSCTests.swift */; };
		D82796931C8B0BD900D08789 /* SVSCUITests.swift in Sources */ = {isa = PBXBuildFile; fileRef = D82796921C8B0BD900D08789 /* SVSCUITests.swift */; };
		D82796B81C8B0C1A00D08789 /* MemberListController.swift in Sources */ = {isa = PBXBuildFile; fileRef = D82796B51C8B0C1A00D08789 /* MemberListController.swift */; };
		D82796B91C8B0C1A00D08789 /* Database.swift in Sources */ = {isa = PBXBuildFile; fileRef = D82796B61C8B0C1A00D08789 /* Database.swift */; };
		D82796BA1C8B0C1A00D08789 /* DatabaseTypes.swift in Sources */ = {isa = PBXBuildFile; fileRef = D82796B71C8B0C1A00D08789 /* DatabaseTypes.swift */; };
		D82796BC1C8B0C2800D08789 /* Group.swift in Sources */ = {isa = PBXBuildFile; fileRef = D82796BB1C8B0C2800D08789 /* Group.swift */; };
		D82796BE1C8B0C2F00D08789 /* CardView.swift in Sources */ = {isa = PBXBuildFile; fileRef = D82796BD1C8B0C2F00D08789 /* CardView.swift */; };
		D8279CFB1C8B0C7800D08789 /* photos in Resources */ = {isa = PBXBuildFile; fileRef = D8279CFA1C8B0C7800D08789 /* photos */; };
		D8279CFD1C8B0C9A00D08789 /* Assets.xcassets in Resources */ = {isa = PBXBuildFile; fileRef = D8279CFC1C8B0C9A00D08789 /* Assets.xcassets */; };
		D8282E5A1C8DB5A00007DC2B /* PrintCards.storyboard in Resources */ = {isa = PBXBuildFile; fileRef = D8282E591C8DB5A00007DC2B /* PrintCards.storyboard */; };
		D8282E611C8DBD190007DC2B /* PrintCardsView.swift in Sources */ = {isa = PBXBuildFile; fileRef = D8282E601C8DBD190007DC2B /* PrintCardsView.swift */; };
		D8282E631C8DBD380007DC2B /* PrintCardsWindowController.swift in Sources */ = {isa = PBXBuildFile; fileRef = D8282E621C8DBD380007DC2B /* PrintCardsWindowController.swift */; };
		D8282E651C8DBDF40007DC2B /* PrintCardsViewController.swift in Sources */ = {isa = PBXBuildFile; fileRef = D8282E641C8DBDF40007DC2B /* PrintCardsViewController.swift */; };
		D8282E671C8DC1120007DC2B /* MainWindowController.swift in Sources */ = {isa = PBXBuildFile; fileRef = D8282E661C8DC1120007DC2B /* MainWindowController.swift */; };
		D8282E6F1C8F22830007DC2B /* Member.swift in Sources */ = {isa = PBXBuildFile; fileRef = D8282E6E1C8F22830007DC2B /* Member.swift */; };
		D82D45EB1C8FC59100535EC4 /* CSwiftVOSX.framework in Frameworks */ = {isa = PBXBuildFile; fileRef = D8282E7F1C8FC5380007DC2B /* CSwiftVOSX.framework */; };
		D82D45EC1C8FC59100535EC4 /* SQLite.framework in Frameworks */ = {isa = PBXBuildFile; fileRef = D82D45E01C8FC56600535EC4 /* SQLite.framework */; };
		D82D45EE1C8FCA9A00535EC4 /* DatabaseTables.swift in Sources */ = {isa = PBXBuildFile; fileRef = D82D45ED1C8FCA9A00535EC4 /* DatabaseTables.swift */; };
		D8B173BB1C8BA300000F43F8 /* SplitViewController.swift in Sources */ = {isa = PBXBuildFile; fileRef = D8B173BA1C8BA300000F43F8 /* SplitViewController.swift */; };
		D8D2383A1C8B0D490039F85B /* Main.storyboard in Resources */ = {isa = PBXBuildFile; fileRef = D8D2383C1C8B0D490039F85B /* Main.storyboard */; };
		D8D2383E1C8B0DBF0039F85B /* PCSC.framework in Frameworks */ = {isa = PBXBuildFile; fileRef = D8D2383D1C8B0DBF0039F85B /* PCSC.framework */; };
		D8D238461C8B142F0039F85B /* CardReader.swift in Sources */ = {isa = PBXBuildFile; fileRef = D8D238451C8B142F0039F85B /* CardReader.swift */; };
		D8D238491C8B23CC0039F85B /* R03 09 - ALERT01 - Synths Massive_A.wav in Resources */ = {isa = PBXBuildFile; fileRef = D8D238481C8B23CC0039F85B /* R03 09 - ALERT01 - Synths Massive_A.wav */; };
		D8D2384B1C8B5BF60039F85B /* QueryListController.swift in Sources */ = {isa = PBXBuildFile; fileRef = D8D2384A1C8B5BF60039F85B /* QueryListController.swift */; };
		D8D2384D1C8B5C5E0039F85B /* MemberDetailController.swift in Sources */ = {isa = PBXBuildFile; fileRef = D8D2384C1C8B5C5E0039F85B /* MemberDetailController.swift */; };
		D8D2384F1C8B64840039F85B /* WildApricotManager.swift in Sources */ = {isa = PBXBuildFile; fileRef = D8D2384E1C8B64840039F85B /* WildApricotManager.swift */; };
		D8D238511C8B84F60039F85B /* CredentialView.swift in Sources */ = {isa = PBXBuildFile; fileRef = D8D238501C8B84F60039F85B /* CredentialView.swift */; };
/* End PBXBuildFile section */

/* Begin PBXContainerItemProxy section */
		D82796841C8B0BD900D08789 /* PBXContainerItemProxy */ = {
			isa = PBXContainerItemProxy;
			containerPortal = D827966A1C8B0BD900D08789 /* Project object */;
			proxyType = 1;
			remoteGlobalIDString = D82796711C8B0BD900D08789;
			remoteInfo = SVSC;
		};
		D827968F1C8B0BD900D08789 /* PBXContainerItemProxy */ = {
			isa = PBXContainerItemProxy;
			containerPortal = D827966A1C8B0BD900D08789 /* Project object */;
			proxyType = 1;
			remoteGlobalIDString = D82796711C8B0BD900D08789;
			remoteInfo = SVSC;
		};
		D8282E7A1C8FC5380007DC2B /* PBXContainerItemProxy */ = {
			isa = PBXContainerItemProxy;
			containerPortal = D8282E711C8FC5380007DC2B /* CSwiftV.xcodeproj */;
			proxyType = 2;
			remoteGlobalIDString = 1878D42E19B27F9E00FF84A7;
			remoteInfo = CSwiftV;
		};
		D8282E7C1C8FC5380007DC2B /* PBXContainerItemProxy */ = {
			isa = PBXContainerItemProxy;
			containerPortal = D8282E711C8FC5380007DC2B /* CSwiftV.xcodeproj */;
			proxyType = 2;
			remoteGlobalIDString = 1878D43C19B27FB800FF84A7;
			remoteInfo = CSwiftVTests;
		};
		D8282E7E1C8FC5380007DC2B /* PBXContainerItemProxy */ = {
			isa = PBXContainerItemProxy;
			containerPortal = D8282E711C8FC5380007DC2B /* CSwiftV.xcodeproj */;
			proxyType = 2;
			remoteGlobalIDString = 18B664F91AF7BC4B009D5195;
			remoteInfo = CSwiftVOSX;
		};
		D8282E801C8FC5380007DC2B /* PBXContainerItemProxy */ = {
			isa = PBXContainerItemProxy;
			containerPortal = D8282E711C8FC5380007DC2B /* CSwiftV.xcodeproj */;
			proxyType = 2;
			remoteGlobalIDString = 18B665031AF7BC4B009D5195;
			remoteInfo = CSwiftVOSXTests;
		};
		D8282E821C8FC5380007DC2B /* PBXContainerItemProxy */ = {
			isa = PBXContainerItemProxy;
			containerPortal = D8282E711C8FC5380007DC2B /* CSwiftV.xcodeproj */;
			proxyType = 2;
			remoteGlobalIDString = 18B665171AF7BC5C009D5195;
			remoteInfo = CSwiftVIOS;
		};
		D8282E841C8FC5380007DC2B /* PBXContainerItemProxy */ = {
			isa = PBXContainerItemProxy;
			containerPortal = D8282E711C8FC5380007DC2B /* CSwiftV.xcodeproj */;
			proxyType = 2;
			remoteGlobalIDString = 18B665211AF7BC5C009D5195;
			remoteInfo = CSwiftVIOSTests;
		};
		D82D45DB1C8FC56600535EC4 /* PBXContainerItemProxy */ = {
			isa = PBXContainerItemProxy;
			containerPortal = D82D45D21C8FC56600535EC4 /* SQLite.xcodeproj */;
			proxyType = 2;
			remoteGlobalIDString = EE247AD31C3F04ED00AE3E12;
			remoteInfo = "SQLite iOS";
		};
		D82D45DD1C8FC56600535EC4 /* PBXContainerItemProxy */ = {
			isa = PBXContainerItemProxy;
			containerPortal = D82D45D21C8FC56600535EC4 /* SQLite.xcodeproj */;
			proxyType = 2;
			remoteGlobalIDString = EE247ADD1C3F04ED00AE3E12;
			remoteInfo = "SQLiteTests iOS";
		};
		D82D45DF1C8FC56600535EC4 /* PBXContainerItemProxy */ = {
			isa = PBXContainerItemProxy;
			containerPortal = D82D45D21C8FC56600535EC4 /* SQLite.xcodeproj */;
			proxyType = 2;
			remoteGlobalIDString = EE247B3C1C3F3ED000AE3E12;
			remoteInfo = "SQLite Mac";
		};
		D82D45E11C8FC56600535EC4 /* PBXContainerItemProxy */ = {
			isa = PBXContainerItemProxy;
			containerPortal = D82D45D21C8FC56600535EC4 /* SQLite.xcodeproj */;
			proxyType = 2;
			remoteGlobalIDString = EE247B451C3F3ED000AE3E12;
			remoteInfo = "SQLiteTests Mac";
		};
		D82D45E31C8FC56600535EC4 /* PBXContainerItemProxy */ = {
			isa = PBXContainerItemProxy;
			containerPortal = D82D45D21C8FC56600535EC4 /* SQLite.xcodeproj */;
			proxyType = 2;
			remoteGlobalIDString = 03A65E5A1C6BB0F50062603F;
			remoteInfo = "SQLite tvOS";
		};
		D82D45E51C8FC56600535EC4 /* PBXContainerItemProxy */ = {
			isa = PBXContainerItemProxy;
			containerPortal = D82D45D21C8FC56600535EC4 /* SQLite.xcodeproj */;
			proxyType = 2;
			remoteGlobalIDString = 03A65E631C6BB0F60062603F;
			remoteInfo = "SQLiteTests tvOS";
		};
		D82D45E71C8FC58300535EC4 /* PBXContainerItemProxy */ = {
			isa = PBXContainerItemProxy;
			containerPortal = D82D45D21C8FC56600535EC4 /* SQLite.xcodeproj */;
			proxyType = 1;
			remoteGlobalIDString = EE247B3B1C3F3ED000AE3E12;
			remoteInfo = "SQLite Mac";
		};
		D82D45E91C8FC58300535EC4 /* PBXContainerItemProxy */ = {
			isa = PBXContainerItemProxy;
			containerPortal = D8282E711C8FC5380007DC2B /* CSwiftV.xcodeproj */;
			proxyType = 1;
			remoteGlobalIDString = 18B664F81AF7BC4B009D5195;
			remoteInfo = CSwiftVOSX;
		};
/* End PBXContainerItemProxy section */

/* Begin PBXFileReference section */
		D82796721C8B0BD900D08789 /* SVSC.app */ = {isa = PBXFileReference; explicitFileType = wrapper.application; includeInIndex = 0; path = SVSC.app; sourceTree = BUILT_PRODUCTS_DIR; };
		D82796751C8B0BD900D08789 /* AppDelegate.swift */ = {isa = PBXFileReference; lastKnownFileType = sourcecode.swift; path = AppDelegate.swift; sourceTree = "<group>"; };
		D827967E1C8B0BD900D08789 /* Info.plist */ = {isa = PBXFileReference; lastKnownFileType = text.plist.xml; path = Info.plist; sourceTree = "<group>"; };
		D82796831C8B0BD900D08789 /* SVSCTests.xctest */ = {isa = PBXFileReference; explicitFileType = wrapper.cfbundle; includeInIndex = 0; path = SVSCTests.xctest; sourceTree = BUILT_PRODUCTS_DIR; };
		D82796871C8B0BD900D08789 /* SVSCTests.swift */ = {isa = PBXFileReference; lastKnownFileType = sourcecode.swift; path = SVSCTests.swift; sourceTree = "<group>"; };
		D82796891C8B0BD900D08789 /* Info.plist */ = {isa = PBXFileReference; lastKnownFileType = text.plist.xml; path = Info.plist; sourceTree = "<group>"; };
		D827968E1C8B0BD900D08789 /* SVSCUITests.xctest */ = {isa = PBXFileReference; explicitFileType = wrapper.cfbundle; includeInIndex = 0; path = SVSCUITests.xctest; sourceTree = BUILT_PRODUCTS_DIR; };
		D82796921C8B0BD900D08789 /* SVSCUITests.swift */ = {isa = PBXFileReference; lastKnownFileType = sourcecode.swift; path = SVSCUITests.swift; sourceTree = "<group>"; };
		D82796941C8B0BD900D08789 /* Info.plist */ = {isa = PBXFileReference; lastKnownFileType = text.plist.xml; path = Info.plist; sourceTree = "<group>"; };
		D82796B51C8B0C1A00D08789 /* MemberListController.swift */ = {isa = PBXFileReference; fileEncoding = 4; lastKnownFileType = sourcecode.swift; path = MemberListController.swift; sourceTree = "<group>"; };
		D82796B61C8B0C1A00D08789 /* Database.swift */ = {isa = PBXFileReference; fileEncoding = 4; lastKnownFileType = sourcecode.swift; path = Database.swift; sourceTree = "<group>"; };
		D82796B71C8B0C1A00D08789 /* DatabaseTypes.swift */ = {isa = PBXFileReference; fileEncoding = 4; lastKnownFileType = sourcecode.swift; path = DatabaseTypes.swift; sourceTree = "<group>"; };
		D82796BB1C8B0C2800D08789 /* Group.swift */ = {isa = PBXFileReference; fileEncoding = 4; lastKnownFileType = sourcecode.swift; path = Group.swift; sourceTree = "<group>"; };
		D82796BD1C8B0C2F00D08789 /* CardView.swift */ = {isa = PBXFileReference; fileEncoding = 4; lastKnownFileType = sourcecode.swift; path = CardView.swift; sourceTree = "<group>"; };
		D8279CFA1C8B0C7800D08789 /* photos */ = {isa = PBXFileReference; lastKnownFileType = folder; path = photos; sourceTree = "<group>"; };
		D8279CFC1C8B0C9A00D08789 /* Assets.xcassets */ = {isa = PBXFileReference; lastKnownFileType = folder.assetcatalog; path = Assets.xcassets; sourceTree = "<group>"; };
		D8282E591C8DB5A00007DC2B /* PrintCards.storyboard */ = {isa = PBXFileReference; fileEncoding = 4; lastKnownFileType = file.storyboard; path = PrintCards.storyboard; sourceTree = "<group>"; };
		D8282E601C8DBD190007DC2B /* PrintCardsView.swift */ = {isa = PBXFileReference; fileEncoding = 4; lastKnownFileType = sourcecode.swift; path = PrintCardsView.swift; sourceTree = "<group>"; };
		D8282E621C8DBD380007DC2B /* PrintCardsWindowController.swift */ = {isa = PBXFileReference; fileEncoding = 4; lastKnownFileType = sourcecode.swift; path = PrintCardsWindowController.swift; sourceTree = "<group>"; };
		D8282E641C8DBDF40007DC2B /* PrintCardsViewController.swift */ = {isa = PBXFileReference; fileEncoding = 4; lastKnownFileType = sourcecode.swift; path = PrintCardsViewController.swift; sourceTree = "<group>"; };
		D8282E661C8DC1120007DC2B /* MainWindowController.swift */ = {isa = PBXFileReference; fileEncoding = 4; lastKnownFileType = sourcecode.swift; path = MainWindowController.swift; sourceTree = "<group>"; };
		D8282E6E1C8F22830007DC2B /* Member.swift */ = {isa = PBXFileReference; fileEncoding = 4; lastKnownFileType = sourcecode.swift; path = Member.swift; sourceTree = "<group>"; };
		D8282E711C8FC5380007DC2B /* CSwiftV.xcodeproj */ = {isa = PBXFileReference; lastKnownFileType = "wrapper.pb-project"; name = CSwiftV.xcodeproj; path = CSwiftV/CSwiftV.xcodeproj; sourceTree = "<group>"; };
		D82D45D21C8FC56600535EC4 /* SQLite.xcodeproj */ = {isa = PBXFileReference; lastKnownFileType = "wrapper.pb-project"; name = SQLite.xcodeproj; path = SQLite.swift/SQLite.xcodeproj; sourceTree = "<group>"; };
		D82D45ED1C8FCA9A00535EC4 /* DatabaseTables.swift */ = {isa = PBXFileReference; fileEncoding = 4; lastKnownFileType = sourcecode.swift; path = DatabaseTables.swift; sourceTree = "<group>"; };
		D8B173BA1C8BA300000F43F8 /* SplitViewController.swift */ = {isa = PBXFileReference; fileEncoding = 4; lastKnownFileType = sourcecode.swift; path = SplitViewController.swift; sourceTree = "<group>"; };
		D8D2383B1C8B0D490039F85B /* Base */ = {isa = PBXFileReference; lastKnownFileType = file.storyboard; name = Base; path = Base.lproj/Main.storyboard; sourceTree = "<group>"; };
		D8D2383D1C8B0DBF0039F85B /* PCSC.framework */ = {isa = PBXFileReference; lastKnownFileType = wrapper.framework; name = PCSC.framework; path = System/Library/Frameworks/PCSC.framework; sourceTree = SDKROOT; };
		D8D238411C8B0E350039F85B /* SVSC-Bridging-Header.h */ = {isa = PBXFileReference; lastKnownFileType = sourcecode.c.h; path = "SVSC-Bridging-Header.h"; sourceTree = "<group>"; };
		D8D238451C8B142F0039F85B /* CardReader.swift */ = {isa = PBXFileReference; fileEncoding = 4; lastKnownFileType = sourcecode.swift; path = CardReader.swift; sourceTree = "<group>"; };
		D8D238481C8B23CC0039F85B /* R03 09 - ALERT01 - Synths Massive_A.wav */ = {isa = PBXFileReference; lastKnownFileType = audio.wav; path = "R03 09 - ALERT01 - Synths Massive_A.wav"; sourceTree = "<group>"; };
		D8D2384A1C8B5BF60039F85B /* QueryListController.swift */ = {isa = PBXFileReference; fileEncoding = 4; lastKnownFileType = sourcecode.swift; path = QueryListController.swift; sourceTree = "<group>"; };
		D8D2384C1C8B5C5E0039F85B /* MemberDetailController.swift */ = {isa = PBXFileReference; fileEncoding = 4; lastKnownFileType = sourcecode.swift; path = MemberDetailController.swift; sourceTree = "<group>"; };
		D8D2384E1C8B64840039F85B /* WildApricotManager.swift */ = {isa = PBXFileReference; fileEncoding = 4; lastKnownFileType = sourcecode.swift; path = WildApricotManager.swift; sourceTree = "<group>"; };
		D8D238501C8B84F60039F85B /* CredentialView.swift */ = {isa = PBXFileReference; fileEncoding = 4; lastKnownFileType = sourcecode.swift; path = CredentialView.swift; sourceTree = "<group>"; };
/* End PBXFileReference section */

/* Begin PBXFrameworksBuildPhase section */
		D827966F1C8B0BD900D08789 /* Frameworks */ = {
			isa = PBXFrameworksBuildPhase;
			buildActionMask = 2147483647;
			files = (
				D82D45EB1C8FC59100535EC4 /* CSwiftVOSX.framework in Frameworks */,
				D82D45EC1C8FC59100535EC4 /* SQLite.framework in Frameworks */,
				D8D2383E1C8B0DBF0039F85B /* PCSC.framework in Frameworks */,
			);
			runOnlyForDeploymentPostprocessing = 0;
		};
		D82796801C8B0BD900D08789 /* Frameworks */ = {
			isa = PBXFrameworksBuildPhase;
			buildActionMask = 2147483647;
			files = (
			);
			runOnlyForDeploymentPostprocessing = 0;
		};
		D827968B1C8B0BD900D08789 /* Frameworks */ = {
			isa = PBXFrameworksBuildPhase;
			buildActionMask = 2147483647;
			files = (
			);
			runOnlyForDeploymentPostprocessing = 0;
		};
/* End PBXFrameworksBuildPhase section */

/* Begin PBXGroup section */
		D82796691C8B0BD900D08789 = {
			isa = PBXGroup;
			children = (
				D82796741C8B0BD900D08789 /* SVSC */,
				D82796861C8B0BD900D08789 /* SVSCTests */,
				D82796911C8B0BD900D08789 /* SVSCUITests */,
				D82796731C8B0BD900D08789 /* Products */,
			);
			sourceTree = "<group>";
		};
		D82796731C8B0BD900D08789 /* Products */ = {
			isa = PBXGroup;
			children = (
				D82796721C8B0BD900D08789 /* SVSC.app */,
				D82796831C8B0BD900D08789 /* SVSCTests.xctest */,
				D827968E1C8B0BD900D08789 /* SVSCUITests.xctest */,
			);
			name = Products;
			sourceTree = "<group>";
		};
		D82796741C8B0BD900D08789 /* SVSC */ = {
			isa = PBXGroup;
			children = (
				D82796751C8B0BD900D08789 /* AppDelegate.swift */,
				D8282E6A1C8DCE030007DC2B /* Database */,
				D8282E691C8DCDE00007DC2B /* Main Window */,
				D8282E681C8DCDCD0007DC2B /* Print Cards Window */,
				D8282E6B1C8DCE180007DC2B /* Utilities */,
				D82796BD1C8B0C2F00D08789 /* CardView.swift */,
				D8D238501C8B84F60039F85B /* CredentialView.swift */,
				D8D2383C1C8B0D490039F85B /* Main.storyboard */,
				D8282E591C8DB5A00007DC2B /* PrintCards.storyboard */,
				D8D238401C8B0DD30039F85B /* Assets */,
				D8D2383F1C8B0DC70039F85B /* Frameworks */,
				D8282E6D1C8DCE4C0007DC2B /* Support Files */,
				D8282E6C1C8DCE350007DC2B /* Subprojects */,
			);
			path = SVSC;
			sourceTree = "<group>";
		};
		D82796861C8B0BD900D08789 /* SVSCTests */ = {
			isa = PBXGroup;
			children = (
				D82796871C8B0BD900D08789 /* SVSCTests.swift */,
				D82796891C8B0BD900D08789 /* Info.plist */,
			);
			path = SVSCTests;
			sourceTree = "<group>";
		};
		D82796911C8B0BD900D08789 /* SVSCUITests */ = {
			isa = PBXGroup;
			children = (
				D82796921C8B0BD900D08789 /* SVSCUITests.swift */,
				D82796941C8B0BD900D08789 /* Info.plist */,
			);
			path = SVSCUITests;
			sourceTree = "<group>";
		};
		D8282E681C8DCDCD0007DC2B /* Print Cards Window */ = {
			isa = PBXGroup;
			children = (
				D8282E621C8DBD380007DC2B /* PrintCardsWindowController.swift */,
				D8282E641C8DBDF40007DC2B /* PrintCardsViewController.swift */,
				D8282E601C8DBD190007DC2B /* PrintCardsView.swift */,
			);
			name = "Print Cards Window";
			sourceTree = "<group>";
		};
		D8282E691C8DCDE00007DC2B /* Main Window */ = {
			isa = PBXGroup;
			children = (
				D8282E661C8DC1120007DC2B /* MainWindowController.swift */,
				D82796B51C8B0C1A00D08789 /* MemberListController.swift */,
				D8B173BA1C8BA300000F43F8 /* SplitViewController.swift */,
				D8D2384A1C8B5BF60039F85B /* QueryListController.swift */,
				D8D2384C1C8B5C5E0039F85B /* MemberDetailController.swift */,
			);
			name = "Main Window";
			sourceTree = "<group>";
		};
		D8282E6A1C8DCE030007DC2B /* Database */ = {
			isa = PBXGroup;
			children = (
				D82796B61C8B0C1A00D08789 /* Database.swift */,
				D82796B71C8B0C1A00D08789 /* DatabaseTypes.swift */,
				D8282E6E1C8F22830007DC2B /* Member.swift */,
				D82D45ED1C8FCA9A00535EC4 /* DatabaseTables.swift */,
			);
			name = Database;
			sourceTree = "<group>";
		};
		D8282E6B1C8DCE180007DC2B /* Utilities */ = {
			isa = PBXGroup;
			children = (
				D8D238451C8B142F0039F85B /* CardReader.swift */,
				D82796BB1C8B0C2800D08789 /* Group.swift */,
				D8D2384E1C8B64840039F85B /* WildApricotManager.swift */,
			);
			name = Utilities;
			sourceTree = "<group>";
		};
		D8282E6C1C8DCE350007DC2B /* Subprojects */ = {
			isa = PBXGroup;
			children = (
				D82D45D21C8FC56600535EC4 /* SQLite.xcodeproj */,
				D8282E711C8FC5380007DC2B /* CSwiftV.xcodeproj */,
			);
			name = Subprojects;
			sourceTree = "<group>";
		};
		D8282E6D1C8DCE4C0007DC2B /* Support Files */ = {
			isa = PBXGroup;
			children = (
				D827967E1C8B0BD900D08789 /* Info.plist */,
				D8D238411C8B0E350039F85B /* SVSC-Bridging-Header.h */,
			);
			name = "Support Files";
			sourceTree = "<group>";
		};
		D8282E721C8FC5380007DC2B /* Products */ = {
			isa = PBXGroup;
			children = (
				D8282E7B1C8FC5380007DC2B /* CSwiftV */,
				D8282E7D1C8FC5380007DC2B /* CSwiftVTests.xctest */,
				D8282E7F1C8FC5380007DC2B /* CSwiftVOSX.framework */,
				D8282E811C8FC5380007DC2B /* CSwiftVOSXTests.xctest */,
				D8282E831C8FC5380007DC2B /* CSwiftVIOS.framework */,
				D8282E851C8FC5380007DC2B /* CSwiftVIOSTests.xctest */,
			);
			name = Products;
			sourceTree = "<group>";
		};
		D82D45D31C8FC56600535EC4 /* Products */ = {
			isa = PBXGroup;
			children = (
				D82D45DC1C8FC56600535EC4 /* SQLite.framework */,
				D82D45DE1C8FC56600535EC4 /* SQLiteTests iOS.xctest */,
				D82D45E01C8FC56600535EC4 /* SQLite.framework */,
				D82D45E21C8FC56600535EC4 /* SQLiteTests Mac.xctest */,
				D82D45E41C8FC56600535EC4 /* SQLite.framework */,
				D82D45E61C8FC56600535EC4 /* SQLiteTests tvOS.xctest */,
			);
			name = Products;
			sourceTree = "<group>";
		};
		D8D2383F1C8B0DC70039F85B /* Frameworks */ = {
			isa = PBXGroup;
			children = (
				D8D2383D1C8B0DBF0039F85B /* PCSC.framework */,
			);
			name = Frameworks;
			sourceTree = "<group>";
		};
		D8D238401C8B0DD30039F85B /* Assets */ = {
			isa = PBXGroup;
			children = (
				D8D238481C8B23CC0039F85B /* R03 09 - ALERT01 - Synths Massive_A.wav */,
				D8279CFA1C8B0C7800D08789 /* photos */,
				D8279CFC1C8B0C9A00D08789 /* Assets.xcassets */,
			);
			name = Assets;
			sourceTree = "<group>";
		};
/* End PBXGroup section */

/* Begin PBXNativeTarget section */
		D82796711C8B0BD900D08789 /* SVSC */ = {
			isa = PBXNativeTarget;
			buildConfigurationList = D82796971C8B0BD900D08789 /* Build configuration list for PBXNativeTarget "SVSC" */;
			buildPhases = (
				D827966E1C8B0BD900D08789 /* Sources */,
				D827966F1C8B0BD900D08789 /* Frameworks */,
				D82796701C8B0BD900D08789 /* Resources */,
			);
			buildRules = (
			);
			dependencies = (
				D82D45E81C8FC58300535EC4 /* PBXTargetDependency */,
				D82D45EA1C8FC58300535EC4 /* PBXTargetDependency */,
			);
			name = SVSC;
			productName = SVSC;
			productReference = D82796721C8B0BD900D08789 /* SVSC.app */;
			productType = "com.apple.product-type.application";
		};
		D82796821C8B0BD900D08789 /* SVSCTests */ = {
			isa = PBXNativeTarget;
			buildConfigurationList = D827969A1C8B0BD900D08789 /* Build configuration list for PBXNativeTarget "SVSCTests" */;
			buildPhases = (
				D827967F1C8B0BD900D08789 /* Sources */,
				D82796801C8B0BD900D08789 /* Frameworks */,
				D82796811C8B0BD900D08789 /* Resources */,
			);
			buildRules = (
			);
			dependencies = (
				D82796851C8B0BD900D08789 /* PBXTargetDependency */,
			);
			name = SVSCTests;
			productName = SVSCTests;
			productReference = D82796831C8B0BD900D08789 /* SVSCTests.xctest */;
			productType = "com.apple.product-type.bundle.unit-test";
		};
		D827968D1C8B0BD900D08789 /* SVSCUITests */ = {
			isa = PBXNativeTarget;
			buildConfigurationList = D827969D1C8B0BD900D08789 /* Build configuration list for PBXNativeTarget "SVSCUITests" */;
			buildPhases = (
				D827968A1C8B0BD900D08789 /* Sources */,
				D827968B1C8B0BD900D08789 /* Frameworks */,
				D827968C1C8B0BD900D08789 /* Resources */,
			);
			buildRules = (
			);
			dependencies = (
				D82796901C8B0BD900D08789 /* PBXTargetDependency */,
			);
			name = SVSCUITests;
			productName = SVSCUITests;
			productReference = D827968E1C8B0BD900D08789 /* SVSCUITests.xctest */;
			productType = "com.apple.product-type.bundle.ui-testing";
		};
/* End PBXNativeTarget section */

/* Begin PBXProject section */
		D827966A1C8B0BD900D08789 /* Project object */ = {
			isa = PBXProject;
			attributes = {
				LastSwiftUpdateCheck = 0720;
				LastUpgradeCheck = 0720;
				ORGANIZATIONNAME = "Nathan Taylor";
				TargetAttributes = {
					D82796711C8B0BD900D08789 = {
						CreatedOnToolsVersion = 7.2.1;
					};
					D82796821C8B0BD900D08789 = {
						CreatedOnToolsVersion = 7.2.1;
						TestTargetID = D82796711C8B0BD900D08789;
					};
					D827968D1C8B0BD900D08789 = {
						CreatedOnToolsVersion = 7.2.1;
						TestTargetID = D82796711C8B0BD900D08789;
					};
				};
			};
			buildConfigurationList = D827966D1C8B0BD900D08789 /* Build configuration list for PBXProject "SVSC" */;
			compatibilityVersion = "Xcode 3.2";
			developmentRegion = English;
			hasScannedForEncodings = 0;
			knownRegions = (
				en,
				Base,
			);
			mainGroup = D82796691C8B0BD900D08789;
			productRefGroup = D82796731C8B0BD900D08789 /* Products */;
			projectDirPath = "";
			projectReferences = (
				{
					ProductGroup = D8282E721C8FC5380007DC2B /* Products */;
					ProjectRef = D8282E711C8FC5380007DC2B /* CSwiftV.xcodeproj */;
				},
				{
					ProductGroup = D82D45D31C8FC56600535EC4 /* Products */;
					ProjectRef = D82D45D21C8FC56600535EC4 /* SQLite.xcodeproj */;
				},
			);
			projectRoot = "";
			targets = (
				D82796711C8B0BD900D08789 /* SVSC */,
				D82796821C8B0BD900D08789 /* SVSCTests */,
				D827968D1C8B0BD900D08789 /* SVSCUITests */,
			);
		};
/* End PBXProject section */

/* Begin PBXReferenceProxy section */
		D8282E7B1C8FC5380007DC2B /* CSwiftV */ = {
			isa = PBXReferenceProxy;
			fileType = "compiled.mach-o.executable";
			path = CSwiftV;
			remoteRef = D8282E7A1C8FC5380007DC2B /* PBXContainerItemProxy */;
			sourceTree = BUILT_PRODUCTS_DIR;
		};
		D8282E7D1C8FC5380007DC2B /* CSwiftVTests.xctest */ = {
			isa = PBXReferenceProxy;
			fileType = wrapper.cfbundle;
			path = CSwiftVTests.xctest;
			remoteRef = D8282E7C1C8FC5380007DC2B /* PBXContainerItemProxy */;
			sourceTree = BUILT_PRODUCTS_DIR;
		};
		D8282E7F1C8FC5380007DC2B /* CSwiftVOSX.framework */ = {
			isa = PBXReferenceProxy;
			fileType = wrapper.framework;
			path = CSwiftVOSX.framework;
			remoteRef = D8282E7E1C8FC5380007DC2B /* PBXContainerItemProxy */;
			sourceTree = BUILT_PRODUCTS_DIR;
		};
		D8282E811C8FC5380007DC2B /* CSwiftVOSXTests.xctest */ = {
			isa = PBXReferenceProxy;
			fileType = wrapper.cfbundle;
			path = CSwiftVOSXTests.xctest;
			remoteRef = D8282E801C8FC5380007DC2B /* PBXContainerItemProxy */;
			sourceTree = BUILT_PRODUCTS_DIR;
		};
		D8282E831C8FC5380007DC2B /* CSwiftVIOS.framework */ = {
			isa = PBXReferenceProxy;
			fileType = wrapper.framework;
			path = CSwiftVIOS.framework;
			remoteRef = D8282E821C8FC5380007DC2B /* PBXContainerItemProxy */;
			sourceTree = BUILT_PRODUCTS_DIR;
		};
		D8282E851C8FC5380007DC2B /* CSwiftVIOSTests.xctest */ = {
			isa = PBXReferenceProxy;
			fileType = wrapper.cfbundle;
			path = CSwiftVIOSTests.xctest;
			remoteRef = D8282E841C8FC5380007DC2B /* PBXContainerItemProxy */;
			sourceTree = BUILT_PRODUCTS_DIR;
		};
		D82D45DC1C8FC56600535EC4 /* SQLite.framework */ = {
			isa = PBXReferenceProxy;
			fileType = wrapper.framework;
			path = SQLite.framework;
			remoteRef = D82D45DB1C8FC56600535EC4 /* PBXContainerItemProxy */;
			sourceTree = BUILT_PRODUCTS_DIR;
		};
		D82D45DE1C8FC56600535EC4 /* SQLiteTests iOS.xctest */ = {
			isa = PBXReferenceProxy;
			fileType = wrapper.cfbundle;
			path = "SQLiteTests iOS.xctest";
			remoteRef = D82D45DD1C8FC56600535EC4 /* PBXContainerItemProxy */;
			sourceTree = BUILT_PRODUCTS_DIR;
		};
		D82D45E01C8FC56600535EC4 /* SQLite.framework */ = {
			isa = PBXReferenceProxy;
			fileType = wrapper.framework;
			path = SQLite.framework;
			remoteRef = D82D45DF1C8FC56600535EC4 /* PBXContainerItemProxy */;
			sourceTree = BUILT_PRODUCTS_DIR;
		};
		D82D45E21C8FC56600535EC4 /* SQLiteTests Mac.xctest */ = {
			isa = PBXReferenceProxy;
			fileType = wrapper.cfbundle;
			path = "SQLiteTests Mac.xctest";
			remoteRef = D82D45E11C8FC56600535EC4 /* PBXContainerItemProxy */;
			sourceTree = BUILT_PRODUCTS_DIR;
		};
		D82D45E41C8FC56600535EC4 /* SQLite.framework */ = {
			isa = PBXReferenceProxy;
			fileType = wrapper.framework;
			path = SQLite.framework;
			remoteRef = D82D45E31C8FC56600535EC4 /* PBXContainerItemProxy */;
			sourceTree = BUILT_PRODUCTS_DIR;
		};
		D82D45E61C8FC56600535EC4 /* SQLiteTests tvOS.xctest */ = {
			isa = PBXReferenceProxy;
			fileType = wrapper.cfbundle;
			path = "SQLiteTests tvOS.xctest";
			remoteRef = D82D45E51C8FC56600535EC4 /* PBXContainerItemProxy */;
			sourceTree = BUILT_PRODUCTS_DIR;
		};
/* End PBXReferenceProxy section */

/* Begin PBXResourcesBuildPhase section */
		D82796701C8B0BD900D08789 /* Resources */ = {
			isa = PBXResourcesBuildPhase;
			buildActionMask = 2147483647;
			files = (
				D8D2383A1C8B0D490039F85B /* Main.storyboard in Resources */,
				D8D238491C8B23CC0039F85B /* R03 09 - ALERT01 - Synths Massive_A.wav in Resources */,
				D8282E5A1C8DB5A00007DC2B /* PrintCards.storyboard in Resources */,
				D8279CFD1C8B0C9A00D08789 /* Assets.xcassets in Resources */,
				D8279CFB1C8B0C7800D08789 /* photos in Resources */,
			);
			runOnlyForDeploymentPostprocessing = 0;
		};
		D82796811C8B0BD900D08789 /* Resources */ = {
			isa = PBXResourcesBuildPhase;
			buildActionMask = 2147483647;
			files = (
			);
			runOnlyForDeploymentPostprocessing = 0;
		};
		D827968C1C8B0BD900D08789 /* Resources */ = {
			isa = PBXResourcesBuildPhase;
			buildActionMask = 2147483647;
			files = (
			);
			runOnlyForDeploymentPostprocessing = 0;
		};
/* End PBXResourcesBuildPhase section */

/* Begin PBXSourcesBuildPhase section */
		D827966E1C8B0BD900D08789 /* Sources */ = {
			isa = PBXSourcesBuildPhase;
			buildActionMask = 2147483647;
			files = (
				D8D2384F1C8B64840039F85B /* WildApricotManager.swift in Sources */,
				D82796BA1C8B0C1A00D08789 /* DatabaseTypes.swift in Sources */,
				D8D2384D1C8B5C5E0039F85B /* MemberDetailController.swift in Sources */,
				D8D2384B1C8B5BF60039F85B /* QueryListController.swift in Sources */,
				D82796B91C8B0C1A00D08789 /* Database.swift in Sources */,
				D82796B81C8B0C1A00D08789 /* MemberListController.swift in Sources */,
				D8282E671C8DC1120007DC2B /* MainWindowController.swift in Sources */,
				D8282E6F1C8F22830007DC2B /* Member.swift in Sources */,
				D8282E631C8DBD380007DC2B /* PrintCardsWindowController.swift in Sources */,
				D82D45EE1C8FCA9A00535EC4 /* DatabaseTables.swift in Sources */,
				D8D238461C8B142F0039F85B /* CardReader.swift in Sources */,
				D82796BC1C8B0C2800D08789 /* Group.swift in Sources */,
				D82796BE1C8B0C2F00D08789 /* CardView.swift in Sources */,
				D82796761C8B0BD900D08789 /* AppDelegate.swift in Sources */,
				D8282E651C8DBDF40007DC2B /* PrintCardsViewController.swift in Sources */,
				D8282E611C8DBD190007DC2B /* PrintCardsView.swift in Sources */,
				D8D238511C8B84F60039F85B /* CredentialView.swift in Sources */,
				D8B173BB1C8BA300000F43F8 /* SplitViewController.swift in Sources */,
			);
			runOnlyForDeploymentPostprocessing = 0;
		};
		D827967F1C8B0BD900D08789 /* Sources */ = {
			isa = PBXSourcesBuildPhase;
			buildActionMask = 2147483647;
			files = (
				D82796881C8B0BD900D08789 /* SVSCTests.swift in Sources */,
			);
			runOnlyForDeploymentPostprocessing = 0;
		};
		D827968A1C8B0BD900D08789 /* Sources */ = {
			isa = PBXSourcesBuildPhase;
			buildActionMask = 2147483647;
			files = (
				D82796931C8B0BD900D08789 /* SVSCUITests.swift in Sources */,
			);
			runOnlyForDeploymentPostprocessing = 0;
		};
/* End PBXSourcesBuildPhase section */

/* Begin PBXTargetDependency section */
		D82796851C8B0BD900D08789 /* PBXTargetDependency */ = {
			isa = PBXTargetDependency;
			target = D82796711C8B0BD900D08789 /* SVSC */;
			targetProxy = D82796841C8B0BD900D08789 /* PBXContainerItemProxy */;
		};
		D82796901C8B0BD900D08789 /* PBXTargetDependency */ = {
			isa = PBXTargetDependency;
			target = D82796711C8B0BD900D08789 /* SVSC */;
			targetProxy = D827968F1C8B0BD900D08789 /* PBXContainerItemProxy */;
		};
		D82D45E81C8FC58300535EC4 /* PBXTargetDependency */ = {
			isa = PBXTargetDependency;
			name = "SQLite Mac";
			targetProxy = D82D45E71C8FC58300535EC4 /* PBXContainerItemProxy */;
		};
		D82D45EA1C8FC58300535EC4 /* PBXTargetDependency */ = {
			isa = PBXTargetDependency;
			name = CSwiftVOSX;
			targetProxy = D82D45E91C8FC58300535EC4 /* PBXContainerItemProxy */;
		};
/* End PBXTargetDependency section */

/* Begin PBXVariantGroup section */
		D8D2383C1C8B0D490039F85B /* Main.storyboard */ = {
			isa = PBXVariantGroup;
			children = (
				D8D2383B1C8B0D490039F85B /* Base */,
			);
			name = Main.storyboard;
			sourceTree = "<group>";
		};
/* End PBXVariantGroup section */

/* Begin XCBuildConfiguration section */
		D82796951C8B0BD900D08789 /* Debug */ = {
			isa = XCBuildConfiguration;
			buildSettings = {
				ALWAYS_SEARCH_USER_PATHS = NO;
				CLANG_CXX_LANGUAGE_STANDARD = "gnu++0x";
				CLANG_CXX_LIBRARY = "libc++";
				CLANG_ENABLE_MODULES = YES;
				CLANG_ENABLE_OBJC_ARC = YES;
				CLANG_WARN_BOOL_CONVERSION = YES;
				CLANG_WARN_CONSTANT_CONVERSION = YES;
				CLANG_WARN_DIRECT_OBJC_ISA_USAGE = YES_ERROR;
				CLANG_WARN_EMPTY_BODY = YES;
				CLANG_WARN_ENUM_CONVERSION = YES;
				CLANG_WARN_INT_CONVERSION = YES;
				CLANG_WARN_OBJC_ROOT_CLASS = YES_ERROR;
				CLANG_WARN_UNREACHABLE_CODE = YES;
				CLANG_WARN__DUPLICATE_METHOD_MATCH = YES;
				CODE_SIGN_IDENTITY = "-";
				COPY_PHASE_STRIP = NO;
				DEBUG_INFORMATION_FORMAT = dwarf;
				ENABLE_STRICT_OBJC_MSGSEND = YES;
				ENABLE_TESTABILITY = YES;
				GCC_C_LANGUAGE_STANDARD = gnu99;
				GCC_DYNAMIC_NO_PIC = NO;
				GCC_NO_COMMON_BLOCKS = YES;
				GCC_OPTIMIZATION_LEVEL = 0;
				GCC_PREPROCESSOR_DEFINITIONS = (
					"DEBUG=1",
					"$(inherited)",
				);
				GCC_WARN_64_TO_32_BIT_CONVERSION = YES;
				GCC_WARN_ABOUT_RETURN_TYPE = YES_ERROR;
				GCC_WARN_UNDECLARED_SELECTOR = YES;
				GCC_WARN_UNINITIALIZED_AUTOS = YES_AGGRESSIVE;
				GCC_WARN_UNUSED_FUNCTION = YES;
				GCC_WARN_UNUSED_VARIABLE = YES;
				MACOSX_DEPLOYMENT_TARGET = 10.11;
				MTL_ENABLE_DEBUG_INFO = YES;
				ONLY_ACTIVE_ARCH = YES;
				SDKROOT = macosx;
				SWIFT_OPTIMIZATION_LEVEL = "-Onone";
			};
			name = Debug;
		};
		D82796961C8B0BD900D08789 /* Release */ = {
			isa = XCBuildConfiguration;
			buildSettings = {
				ALWAYS_SEARCH_USER_PATHS = NO;
				CLANG_CXX_LANGUAGE_STANDARD = "gnu++0x";
				CLANG_CXX_LIBRARY = "libc++";
				CLANG_ENABLE_MODULES = YES;
				CLANG_ENABLE_OBJC_ARC = YES;
				CLANG_WARN_BOOL_CONVERSION = YES;
				CLANG_WARN_CONSTANT_CONVERSION = YES;
				CLANG_WARN_DIRECT_OBJC_ISA_USAGE = YES_ERROR;
				CLANG_WARN_EMPTY_BODY = YES;
				CLANG_WARN_ENUM_CONVERSION = YES;
				CLANG_WARN_INT_CONVERSION = YES;
				CLANG_WARN_OBJC_ROOT_CLASS = YES_ERROR;
				CLANG_WARN_UNREACHABLE_CODE = YES;
				CLANG_WARN__DUPLICATE_METHOD_MATCH = YES;
				CODE_SIGN_IDENTITY = "-";
				COPY_PHASE_STRIP = NO;
				DEBUG_INFORMATION_FORMAT = "dwarf-with-dsym";
				ENABLE_NS_ASSERTIONS = NO;
				ENABLE_STRICT_OBJC_MSGSEND = YES;
				GCC_C_LANGUAGE_STANDARD = gnu99;
				GCC_NO_COMMON_BLOCKS = YES;
				GCC_WARN_64_TO_32_BIT_CONVERSION = YES;
				GCC_WARN_ABOUT_RETURN_TYPE = YES_ERROR;
				GCC_WARN_UNDECLARED_SELECTOR = YES;
				GCC_WARN_UNINITIALIZED_AUTOS = YES_AGGRESSIVE;
				GCC_WARN_UNUSED_FUNCTION = YES;
				GCC_WARN_UNUSED_VARIABLE = YES;
				MACOSX_DEPLOYMENT_TARGET = 10.11;
				MTL_ENABLE_DEBUG_INFO = NO;
				SDKROOT = macosx;
			};
			name = Release;
		};
		D82796981C8B0BD900D08789 /* Debug */ = {
			isa = XCBuildConfiguration;
			buildSettings = {
				ASSETCATALOG_COMPILER_APPICON_NAME = AppIcon;
				CLANG_ENABLE_MODULES = YES;
				COMBINE_HIDPI_IMAGES = YES;
				INFOPLIST_FILE = SVSC/Info.plist;
				LD_RUNPATH_SEARCH_PATHS = "$(inherited) @executable_path/../Frameworks";
				PRODUCT_BUNDLE_IDENTIFIER = com.scottsvalleysportsmen.SVSC;
				PRODUCT_NAME = "$(TARGET_NAME)";
				SWIFT_OBJC_BRIDGING_HEADER = "SVSC/SVSC-Bridging-Header.h";
				SWIFT_OPTIMIZATION_LEVEL = "-Onone";
			};
			name = Debug;
		};
		D82796991C8B0BD900D08789 /* Release */ = {
			isa = XCBuildConfiguration;
			buildSettings = {
				ASSETCATALOG_COMPILER_APPICON_NAME = AppIcon;
				CLANG_ENABLE_MODULES = YES;
				COMBINE_HIDPI_IMAGES = YES;
				INFOPLIST_FILE = SVSC/Info.plist;
				LD_RUNPATH_SEARCH_PATHS = "$(inherited) @executable_path/../Frameworks";
				PRODUCT_BUNDLE_IDENTIFIER = com.scottsvalleysportsmen.SVSC;
				PRODUCT_NAME = "$(TARGET_NAME)";
				SWIFT_OBJC_BRIDGING_HEADER = "SVSC/SVSC-Bridging-Header.h";
			};
			name = Release;
		};
		D827969B1C8B0BD900D08789 /* Debug */ = {
			isa = XCBuildConfiguration;
			buildSettings = {
				BUNDLE_LOADER = "$(TEST_HOST)";
				COMBINE_HIDPI_IMAGES = YES;
				INFOPLIST_FILE = SVSCTests/Info.plist;
				LD_RUNPATH_SEARCH_PATHS = "$(inherited) @executable_path/../Frameworks @loader_path/../Frameworks";
				PRODUCT_BUNDLE_IDENTIFIER = com.scottsvalleysportsmen.SVSCTests;
				PRODUCT_NAME = "$(TARGET_NAME)";
				TEST_HOST = "$(BUILT_PRODUCTS_DIR)/SVSC.app/Contents/MacOS/SVSC";
			};
			name = Debug;
		};
		D827969C1C8B0BD900D08789 /* Release */ = {
			isa = XCBuildConfiguration;
			buildSettings = {
				BUNDLE_LOADER = "$(TEST_HOST)";
				COMBINE_HIDPI_IMAGES = YES;
				INFOPLIST_FILE = SVSCTests/Info.plist;
				LD_RUNPATH_SEARCH_PATHS = "$(inherited) @executable_path/../Frameworks @loader_path/../Frameworks";
				PRODUCT_BUNDLE_IDENTIFIER = com.scottsvalleysportsmen.SVSCTests;
				PRODUCT_NAME = "$(TARGET_NAME)";
				TEST_HOST = "$(BUILT_PRODUCTS_DIR)/SVSC.app/Contents/MacOS/SVSC";
			};
			name = Release;
		};
		D827969E1C8B0BD900D08789 /* Debug */ = {
			isa = XCBuildConfiguration;
			buildSettings = {
				COMBINE_HIDPI_IMAGES = YES;
				INFOPLIST_FILE = SVSCUITests/Info.plist;
				LD_RUNPATH_SEARCH_PATHS = "$(inherited) @executable_path/../Frameworks @loader_path/../Frameworks";
				PRODUCT_BUNDLE_IDENTIFIER = com.scottsvalleysportsmen.SVSCUITests;
				PRODUCT_NAME = "$(TARGET_NAME)";
				TEST_TARGET_NAME = SVSC;
				USES_XCTRUNNER = YES;
			};
			name = Debug;
		};
		D827969F1C8B0BD900D08789 /* Release */ = {
			isa = XCBuildConfiguration;
			buildSettings = {
				COMBINE_HIDPI_IMAGES = YES;
				INFOPLIST_FILE = SVSCUITests/Info.plist;
				LD_RUNPATH_SEARCH_PATHS = "$(inherited) @executable_path/../Frameworks @loader_path/../Frameworks";
				PRODUCT_BUNDLE_IDENTIFIER = com.scottsvalleysportsmen.SVSCUITests;
				PRODUCT_NAME = "$(TARGET_NAME)";
				TEST_TARGET_NAME = SVSC;
				USES_XCTRUNNER = YES;
			};
			name = Release;
		};
/* End XCBuildConfiguration section */

/* Begin XCConfigurationList section */
		D827966D1C8B0BD900D08789 /* Build configuration list for PBXProject "SVSC" */ = {
			isa = XCConfigurationList;
			buildConfigurations = (
				D82796951C8B0BD900D08789 /* Debug */,
				D82796961C8B0BD900D08789 /* Release */,
			);
			defaultConfigurationIsVisible = 0;
			defaultConfigurationName = Release;
		};
		D82796971C8B0BD900D08789 /* Build configuration list for PBXNativeTarget "SVSC" */ = {
			isa = XCConfigurationList;
			buildConfigurations = (
				D82796981C8B0BD900D08789 /* Debug */,
				D82796991C8B0BD900D08789 /* Release */,
			);
			defaultConfigurationIsVisible = 0;
			defaultConfigurationName = Release;
		};
		D827969A1C8B0BD900D08789 /* Build configuration list for PBXNativeTarget "SVSCTests" */ = {
			isa = XCConfigurationList;
			buildConfigurations = (
				D827969B1C8B0BD900D08789 /* Debug */,
				D827969C1C8B0BD900D08789 /* Release */,
			);
			defaultConfigurationIsVisible = 0;
			defaultConfigurationName = Release;
		};
		D827969D1C8B0BD900D08789 /* Build configuration list for PBXNativeTarget "SVSCUITests" */ = {
			isa = XCConfigurationList;
			buildConfigurations = (
				D827969E1C8B0BD900D08789 /* Debug */,
				D827969F1C8B0BD900D08789 /* Release */,
			);
			defaultConfigurationIsVisible = 0;
			defaultConfigurationName = Release;
		};
/* End XCConfigurationList section */
	};
	rootObject = D827966A1C8B0BD900D08789 /* Project object */;
}
